// !$*UTF8*$!
{
	archiveVersion = 1;
	classes = {
	};
	objectVersion = 56;
	objects = {

/* Begin PBXBuildFile section */
		4D20104728F5674A00D6102D /* AppDelegate.swift in Sources */ = {isa = PBXBuildFile; fileRef = 4D20104628F5674A00D6102D /* AppDelegate.swift */; };
		4D20104928F5674A00D6102D /* SceneDelegate.swift in Sources */ = {isa = PBXBuildFile; fileRef = 4D20104828F5674A00D6102D /* SceneDelegate.swift */; };
		4D20105028F5674C00D6102D /* Assets.xcassets in Resources */ = {isa = PBXBuildFile; fileRef = 4D20104F28F5674C00D6102D /* Assets.xcassets */; };
		4D20105328F5674C00D6102D /* LaunchScreen.storyboard in Resources */ = {isa = PBXBuildFile; fileRef = 4D20105128F5674C00D6102D /* LaunchScreen.storyboard */; };
		4D20105E28F5674C00D6102D /* CleanArchitecture_MVVMTests.swift in Sources */ = {isa = PBXBuildFile; fileRef = 4D20105D28F5674C00D6102D /* CleanArchitecture_MVVMTests.swift */; };
		4D20106828F5674C00D6102D /* CleanArchitecture_MVVMUITests.swift in Sources */ = {isa = PBXBuildFile; fileRef = 4D20106728F5674C00D6102D /* CleanArchitecture_MVVMUITests.swift */; };
		4D20106A28F5674C00D6102D /* CleanArchitecture_MVVMUITestsLaunchTests.swift in Sources */ = {isa = PBXBuildFile; fileRef = 4D20106928F5674C00D6102D /* CleanArchitecture_MVVMUITestsLaunchTests.swift */; };
/* End PBXBuildFile section */

/* Begin PBXContainerItemProxy section */
		4D20105A28F5674C00D6102D /* PBXContainerItemProxy */ = {
			isa = PBXContainerItemProxy;
			containerPortal = 4D20103B28F5674A00D6102D /* Project object */;
			proxyType = 1;
			remoteGlobalIDString = 4D20104228F5674A00D6102D;
			remoteInfo = CleanArchitecture_MVVM;
		};
		4D20106428F5674C00D6102D /* PBXContainerItemProxy */ = {
			isa = PBXContainerItemProxy;
			containerPortal = 4D20103B28F5674A00D6102D /* Project object */;
			proxyType = 1;
			remoteGlobalIDString = 4D20104228F5674A00D6102D;
			remoteInfo = CleanArchitecture_MVVM;
		};
/* End PBXContainerItemProxy section */

/* Begin PBXFileReference section */
		4D20104328F5674A00D6102D /* CleanArchitecture_MVVM.app */ = {isa = PBXFileReference; explicitFileType = wrapper.application; includeInIndex = 0; path = CleanArchitecture_MVVM.app; sourceTree = BUILT_PRODUCTS_DIR; };
		4D20104628F5674A00D6102D /* AppDelegate.swift */ = {isa = PBXFileReference; lastKnownFileType = sourcecode.swift; path = AppDelegate.swift; sourceTree = "<group>"; };
		4D20104828F5674A00D6102D /* SceneDelegate.swift */ = {isa = PBXFileReference; lastKnownFileType = sourcecode.swift; path = SceneDelegate.swift; sourceTree = "<group>"; };
		4D20104F28F5674C00D6102D /* Assets.xcassets */ = {isa = PBXFileReference; lastKnownFileType = folder.assetcatalog; path = Assets.xcassets; sourceTree = "<group>"; };
		4D20105228F5674C00D6102D /* Base */ = {isa = PBXFileReference; lastKnownFileType = file.storyboard; name = Base; path = Base.lproj/LaunchScreen.storyboard; sourceTree = "<group>"; };
		4D20105428F5674C00D6102D /* Info.plist */ = {isa = PBXFileReference; lastKnownFileType = text.plist.xml; path = Info.plist; sourceTree = "<group>"; };
		4D20105928F5674C00D6102D /* CleanArchitecture_MVVMTests.xctest */ = {isa = PBXFileReference; explicitFileType = wrapper.cfbundle; includeInIndex = 0; path = CleanArchitecture_MVVMTests.xctest; sourceTree = BUILT_PRODUCTS_DIR; };
		4D20105D28F5674C00D6102D /* CleanArchitecture_MVVMTests.swift */ = {isa = PBXFileReference; lastKnownFileType = sourcecode.swift; path = CleanArchitecture_MVVMTests.swift; sourceTree = "<group>"; };
		4D20106328F5674C00D6102D /* CleanArchitecture_MVVMUITests.xctest */ = {isa = PBXFileReference; explicitFileType = wrapper.cfbundle; includeInIndex = 0; path = CleanArchitecture_MVVMUITests.xctest; sourceTree = BUILT_PRODUCTS_DIR; };
		4D20106728F5674C00D6102D /* CleanArchitecture_MVVMUITests.swift */ = {isa = PBXFileReference; lastKnownFileType = sourcecode.swift; path = CleanArchitecture_MVVMUITests.swift; sourceTree = "<group>"; };
		4D20106928F5674C00D6102D /* CleanArchitecture_MVVMUITestsLaunchTests.swift */ = {isa = PBXFileReference; lastKnownFileType = sourcecode.swift; path = CleanArchitecture_MVVMUITestsLaunchTests.swift; sourceTree = "<group>"; };
/* End PBXFileReference section */

/* Begin PBXFrameworksBuildPhase section */
		4D20104028F5674A00D6102D /* Frameworks */ = {
			isa = PBXFrameworksBuildPhase;
			buildActionMask = 2147483647;
			files = (
			);
			runOnlyForDeploymentPostprocessing = 0;
		};
		4D20105628F5674C00D6102D /* Frameworks */ = {
			isa = PBXFrameworksBuildPhase;
			buildActionMask = 2147483647;
			files = (
			);
			runOnlyForDeploymentPostprocessing = 0;
		};
		4D20106028F5674C00D6102D /* Frameworks */ = {
			isa = PBXFrameworksBuildPhase;
			buildActionMask = 2147483647;
			files = (
			);
			runOnlyForDeploymentPostprocessing = 0;
		};
/* End PBXFrameworksBuildPhase section */

/* Begin PBXGroup section */
		4D20103A28F5674A00D6102D = {
			isa = PBXGroup;
			children = (
				4D20104528F5674A00D6102D /* CleanArchitecture_MVVM */,
				4D20105C28F5674C00D6102D /* CleanArchitecture_MVVMTests */,
				4D20106628F5674C00D6102D /* CleanArchitecture_MVVMUITests */,
				4D20104428F5674A00D6102D /* Products */,
			);
			sourceTree = "<group>";
		};
		4D20104428F5674A00D6102D /* Products */ = {
			isa = PBXGroup;
			children = (
				4D20104328F5674A00D6102D /* CleanArchitecture_MVVM.app */,
				4D20105928F5674C00D6102D /* CleanArchitecture_MVVMTests.xctest */,
				4D20106328F5674C00D6102D /* CleanArchitecture_MVVMUITests.xctest */,
			);
			name = Products;
			sourceTree = "<group>";
		};
		4D20104528F5674A00D6102D /* CleanArchitecture_MVVM */ = {
			isa = PBXGroup;
			children = (
				4D20107C28F5679500D6102D /* Application */,
				4D20107B28F5678A00D6102D /* Presentation */,
				4D20107A28F5678500D6102D /* Domain */,
				4D20107928F5678000D6102D /* Data */,
				4D20107828F5676E00D6102D /* Infrastructure */,
				4D20107728F5676900D6102D /* Common */,
				4D20107628F5675E00D6102D /* Resources */,
				4D20104828F5674A00D6102D /* SceneDelegate.swift */,
			);
			path = CleanArchitecture_MVVM;
			sourceTree = "<group>";
		};
		4D20105C28F5674C00D6102D /* CleanArchitecture_MVVMTests */ = {
			isa = PBXGroup;
			children = (
				4D20105D28F5674C00D6102D /* CleanArchitecture_MVVMTests.swift */,
			);
			path = CleanArchitecture_MVVMTests;
			sourceTree = "<group>";
		};
		4D20106628F5674C00D6102D /* CleanArchitecture_MVVMUITests */ = {
			isa = PBXGroup;
			children = (
				4D20106728F5674C00D6102D /* CleanArchitecture_MVVMUITests.swift */,
				4D20106928F5674C00D6102D /* CleanArchitecture_MVVMUITestsLaunchTests.swift */,
			);
			path = CleanArchitecture_MVVMUITests;
			sourceTree = "<group>";
		};
		4D20107628F5675E00D6102D /* Resources */ = {
			isa = PBXGroup;
			children = (
				4D20104F28F5674C00D6102D /* Assets.xcassets */,
				4D20105428F5674C00D6102D /* Info.plist */,
				4D20105128F5674C00D6102D /* LaunchScreen.storyboard */,
			);
			path = Resources;
			sourceTree = "<group>";
		};
		4D20107728F5676900D6102D /* Common */ = {
			isa = PBXGroup;
			children = (
			);
			path = Common;
			sourceTree = "<group>";
		};
		4D20107828F5676E00D6102D /* Infrastructure */ = {
			isa = PBXGroup;
			children = (
				4D20108028F568A800D6102D /* Network */,
			);
			path = Infrastructure;
			sourceTree = "<group>";
		};
		4D20107928F5678000D6102D /* Data */ = {
			isa = PBXGroup;
			children = (
				4D20108328F568C000D6102D /* Repositories */,
				4D20108228F568BC00D6102D /* Network */,
				4D20108128F568AE00D6102D /* PersistentStorages */,
			);
			path = Data;
			sourceTree = "<group>";
		};
		4D20107A28F5678500D6102D /* Domain */ = {
			isa = PBXGroup;
			children = (
				4D20108628F568D900D6102D /* Entities */,
				4D20108528F568D400D6102D /* UseCases */,
				4D20108428F568CC00D6102D /* Interfaces */,
			);
			path = Domain;
			sourceTree = "<group>";
		};
		4D20107B28F5678A00D6102D /* Presentation */ = {
			isa = PBXGroup;
			children = (
				4D20107E28F5687600D6102D /* MoviesScene */,
				4D20107F28F5688100D6102D /* Utils */,
			);
			path = Presentation;
			sourceTree = "<group>";
		};
		4D20107C28F5679500D6102D /* Application */ = {
			isa = PBXGroup;
			children = (
				4D20104628F5674A00D6102D /* AppDelegate.swift */,
				4D20107D28F5686700D6102D /* DIContainer */,
			);
			path = Application;
			sourceTree = "<group>";
		};
		4D20107D28F5686700D6102D /* DIContainer */ = {
			isa = PBXGroup;
			children = (
			);
			path = DIContainer;
			sourceTree = "<group>";
		};
		4D20107E28F5687600D6102D /* MoviesScene */ = {
			isa = PBXGroup;
			children = (
			);
			path = MoviesScene;
			sourceTree = "<group>";
		};
		4D20107F28F5688100D6102D /* Utils */ = {
			isa = PBXGroup;
			children = (
			);
			path = Utils;
			sourceTree = "<group>";
		};
		4D20108028F568A800D6102D /* Network */ = {
			isa = PBXGroup;
			children = (
			);
			path = Network;
			sourceTree = "<group>";
		};
		4D20108128F568AE00D6102D /* PersistentStorages */ = {
			isa = PBXGroup;
			children = (
			);
			path = PersistentStorages;
			sourceTree = "<group>";
		};
		4D20108228F568BC00D6102D /* Network */ = {
			isa = PBXGroup;
			children = (
			);
			path = Network;
			sourceTree = "<group>";
		};
		4D20108328F568C000D6102D /* Repositories */ = {
			isa = PBXGroup;
			children = (
			);
			path = Repositories;
			sourceTree = "<group>";
		};
		4D20108428F568CC00D6102D /* Interfaces */ = {
			isa = PBXGroup;
			children = (
			);
			path = Interfaces;
			sourceTree = "<group>";
		};
		4D20108528F568D400D6102D /* UseCases */ = {
			isa = PBXGroup;
			children = (
			);
			path = UseCases;
			sourceTree = "<group>";
		};
		4D20108628F568D900D6102D /* Entities */ = {
			isa = PBXGroup;
			children = (
			);
			path = Entities;
			sourceTree = "<group>";
		};
/* End PBXGroup section */

/* Begin PBXNativeTarget section */
		4D20104228F5674A00D6102D /* CleanArchitecture_MVVM */ = {
			isa = PBXNativeTarget;
			buildConfigurationList = 4D20106D28F5674C00D6102D /* Build configuration list for PBXNativeTarget "CleanArchitecture_MVVM" */;
			buildPhases = (
				4D20103F28F5674A00D6102D /* Sources */,
				4D20104028F5674A00D6102D /* Frameworks */,
				4D20104128F5674A00D6102D /* Resources */,
			);
			buildRules = (
			);
			dependencies = (
			);
			name = CleanArchitecture_MVVM;
			productName = CleanArchitecture_MVVM;
			productReference = 4D20104328F5674A00D6102D /* CleanArchitecture_MVVM.app */;
			productType = "com.apple.product-type.application";
		};
		4D20105828F5674C00D6102D /* CleanArchitecture_MVVMTests */ = {
			isa = PBXNativeTarget;
			buildConfigurationList = 4D20107028F5674C00D6102D /* Build configuration list for PBXNativeTarget "CleanArchitecture_MVVMTests" */;
			buildPhases = (
				4D20105528F5674C00D6102D /* Sources */,
				4D20105628F5674C00D6102D /* Frameworks */,
				4D20105728F5674C00D6102D /* Resources */,
			);
			buildRules = (
			);
			dependencies = (
				4D20105B28F5674C00D6102D /* PBXTargetDependency */,
			);
			name = CleanArchitecture_MVVMTests;
			productName = CleanArchitecture_MVVMTests;
			productReference = 4D20105928F5674C00D6102D /* CleanArchitecture_MVVMTests.xctest */;
			productType = "com.apple.product-type.bundle.unit-test";
		};
		4D20106228F5674C00D6102D /* CleanArchitecture_MVVMUITests */ = {
			isa = PBXNativeTarget;
			buildConfigurationList = 4D20107328F5674C00D6102D /* Build configuration list for PBXNativeTarget "CleanArchitecture_MVVMUITests" */;
			buildPhases = (
				4D20105F28F5674C00D6102D /* Sources */,
				4D20106028F5674C00D6102D /* Frameworks */,
				4D20106128F5674C00D6102D /* Resources */,
			);
			buildRules = (
			);
			dependencies = (
				4D20106528F5674C00D6102D /* PBXTargetDependency */,
			);
			name = CleanArchitecture_MVVMUITests;
			productName = CleanArchitecture_MVVMUITests;
			productReference = 4D20106328F5674C00D6102D /* CleanArchitecture_MVVMUITests.xctest */;
			productType = "com.apple.product-type.bundle.ui-testing";
		};
/* End PBXNativeTarget section */

/* Begin PBXProject section */
		4D20103B28F5674A00D6102D /* Project object */ = {
			isa = PBXProject;
			attributes = {
				BuildIndependentTargetsInParallel = 1;
				LastSwiftUpdateCheck = 1400;
				LastUpgradeCheck = 1400;
				TargetAttributes = {
					4D20104228F5674A00D6102D = {
						CreatedOnToolsVersion = 14.0;
					};
					4D20105828F5674C00D6102D = {
						CreatedOnToolsVersion = 14.0;
						TestTargetID = 4D20104228F5674A00D6102D;
					};
					4D20106228F5674C00D6102D = {
						CreatedOnToolsVersion = 14.0;
						TestTargetID = 4D20104228F5674A00D6102D;
					};
				};
			};
			buildConfigurationList = 4D20103E28F5674A00D6102D /* Build configuration list for PBXProject "CleanArchitecture_MVVM" */;
			compatibilityVersion = "Xcode 14.0";
			developmentRegion = en;
			hasScannedForEncodings = 0;
			knownRegions = (
				en,
				Base,
			);
			mainGroup = 4D20103A28F5674A00D6102D;
			productRefGroup = 4D20104428F5674A00D6102D /* Products */;
			projectDirPath = "";
			projectRoot = "";
			targets = (
				4D20104228F5674A00D6102D /* CleanArchitecture_MVVM */,
				4D20105828F5674C00D6102D /* CleanArchitecture_MVVMTests */,
				4D20106228F5674C00D6102D /* CleanArchitecture_MVVMUITests */,
			);
		};
/* End PBXProject section */

/* Begin PBXResourcesBuildPhase section */
		4D20104128F5674A00D6102D /* Resources */ = {
			isa = PBXResourcesBuildPhase;
			buildActionMask = 2147483647;
			files = (
				4D20105328F5674C00D6102D /* LaunchScreen.storyboard in Resources */,
				4D20105028F5674C00D6102D /* Assets.xcassets in Resources */,
			);
			runOnlyForDeploymentPostprocessing = 0;
		};
		4D20105728F5674C00D6102D /* Resources */ = {
			isa = PBXResourcesBuildPhase;
			buildActionMask = 2147483647;
			files = (
			);
			runOnlyForDeploymentPostprocessing = 0;
		};
		4D20106128F5674C00D6102D /* Resources */ = {
			isa = PBXResourcesBuildPhase;
			buildActionMask = 2147483647;
			files = (
			);
			runOnlyForDeploymentPostprocessing = 0;
		};
/* End PBXResourcesBuildPhase section */

/* Begin PBXSourcesBuildPhase section */
		4D20103F28F5674A00D6102D /* Sources */ = {
			isa = PBXSourcesBuildPhase;
			buildActionMask = 2147483647;
			files = (
				4D20104728F5674A00D6102D /* AppDelegate.swift in Sources */,
				4D20104928F5674A00D6102D /* SceneDelegate.swift in Sources */,
			);
			runOnlyForDeploymentPostprocessing = 0;
		};
		4D20105528F5674C00D6102D /* Sources */ = {
			isa = PBXSourcesBuildPhase;
			buildActionMask = 2147483647;
			files = (
				4D20105E28F5674C00D6102D /* CleanArchitecture_MVVMTests.swift in Sources */,
			);
			runOnlyForDeploymentPostprocessing = 0;
		};
		4D20105F28F5674C00D6102D /* Sources */ = {
			isa = PBXSourcesBuildPhase;
			buildActionMask = 2147483647;
			files = (
				4D20106828F5674C00D6102D /* CleanArchitecture_MVVMUITests.swift in Sources */,
				4D20106A28F5674C00D6102D /* CleanArchitecture_MVVMUITestsLaunchTests.swift in Sources */,
			);
			runOnlyForDeploymentPostprocessing = 0;
		};
/* End PBXSourcesBuildPhase section */

/* Begin PBXTargetDependency section */
		4D20105B28F5674C00D6102D /* PBXTargetDependency */ = {
			isa = PBXTargetDependency;
			target = 4D20104228F5674A00D6102D /* CleanArchitecture_MVVM */;
			targetProxy = 4D20105A28F5674C00D6102D /* PBXContainerItemProxy */;
		};
		4D20106528F5674C00D6102D /* PBXTargetDependency */ = {
			isa = PBXTargetDependency;
			target = 4D20104228F5674A00D6102D /* CleanArchitecture_MVVM */;
			targetProxy = 4D20106428F5674C00D6102D /* PBXContainerItemProxy */;
		};
/* End PBXTargetDependency section */

/* Begin PBXVariantGroup section */
		4D20105128F5674C00D6102D /* LaunchScreen.storyboard */ = {
			isa = PBXVariantGroup;
			children = (
				4D20105228F5674C00D6102D /* Base */,
			);
			name = LaunchScreen.storyboard;
			sourceTree = "<group>";
		};
/* End PBXVariantGroup section */

/* Begin XCBuildConfiguration section */
		4D20106B28F5674C00D6102D /* Debug */ = {
			isa = XCBuildConfiguration;
			buildSettings = {
				ALWAYS_SEARCH_USER_PATHS = NO;
				CLANG_ANALYZER_NONNULL = YES;
				CLANG_ANALYZER_NUMBER_OBJECT_CONVERSION = YES_AGGRESSIVE;
				CLANG_CXX_LANGUAGE_STANDARD = "gnu++20";
				CLANG_ENABLE_MODULES = YES;
				CLANG_ENABLE_OBJC_ARC = YES;
				CLANG_ENABLE_OBJC_WEAK = YES;
				CLANG_WARN_BLOCK_CAPTURE_AUTORELEASING = YES;
				CLANG_WARN_BOOL_CONVERSION = YES;
				CLANG_WARN_COMMA = YES;
				CLANG_WARN_CONSTANT_CONVERSION = YES;
				CLANG_WARN_DEPRECATED_OBJC_IMPLEMENTATIONS = YES;
				CLANG_WARN_DIRECT_OBJC_ISA_USAGE = YES_ERROR;
				CLANG_WARN_DOCUMENTATION_COMMENTS = YES;
				CLANG_WARN_EMPTY_BODY = YES;
				CLANG_WARN_ENUM_CONVERSION = YES;
				CLANG_WARN_INFINITE_RECURSION = YES;
				CLANG_WARN_INT_CONVERSION = YES;
				CLANG_WARN_NON_LITERAL_NULL_CONVERSION = YES;
				CLANG_WARN_OBJC_IMPLICIT_RETAIN_SELF = YES;
				CLANG_WARN_OBJC_LITERAL_CONVERSION = YES;
				CLANG_WARN_OBJC_ROOT_CLASS = YES_ERROR;
				CLANG_WARN_QUOTED_INCLUDE_IN_FRAMEWORK_HEADER = YES;
				CLANG_WARN_RANGE_LOOP_ANALYSIS = YES;
				CLANG_WARN_STRICT_PROTOTYPES = YES;
				CLANG_WARN_SUSPICIOUS_MOVE = YES;
				CLANG_WARN_UNGUARDED_AVAILABILITY = YES_AGGRESSIVE;
				CLANG_WARN_UNREACHABLE_CODE = YES;
				CLANG_WARN__DUPLICATE_METHOD_MATCH = YES;
				COPY_PHASE_STRIP = NO;
				DEBUG_INFORMATION_FORMAT = dwarf;
				ENABLE_STRICT_OBJC_MSGSEND = YES;
				ENABLE_TESTABILITY = YES;
				GCC_C_LANGUAGE_STANDARD = gnu11;
				GCC_DYNAMIC_NO_PIC = NO;
				GCC_NO_COMMON_BLOCKS = YES;
				GCC_OPTIMIZATION_LEVEL = 0;
				GCC_PREPROCESSOR_DEFINITIONS = (
					"DEBUG=1",
					"$(inherited)",
				);
				GCC_WARN_64_TO_32_BIT_CONVERSION = YES;
				GCC_WARN_ABOUT_RETURN_TYPE = YES_ERROR;
				GCC_WARN_UNDECLARED_SELECTOR = YES;
				GCC_WARN_UNINITIALIZED_AUTOS = YES_AGGRESSIVE;
				GCC_WARN_UNUSED_FUNCTION = YES;
				GCC_WARN_UNUSED_VARIABLE = YES;
				IPHONEOS_DEPLOYMENT_TARGET = 16.0;
				MTL_ENABLE_DEBUG_INFO = INCLUDE_SOURCE;
				MTL_FAST_MATH = YES;
				ONLY_ACTIVE_ARCH = YES;
				SDKROOT = iphoneos;
				SWIFT_ACTIVE_COMPILATION_CONDITIONS = DEBUG;
				SWIFT_OPTIMIZATION_LEVEL = "-Onone";
			};
			name = Debug;
		};
		4D20106C28F5674C00D6102D /* Release */ = {
			isa = XCBuildConfiguration;
			buildSettings = {
				ALWAYS_SEARCH_USER_PATHS = NO;
				CLANG_ANALYZER_NONNULL = YES;
				CLANG_ANALYZER_NUMBER_OBJECT_CONVERSION = YES_AGGRESSIVE;
				CLANG_CXX_LANGUAGE_STANDARD = "gnu++20";
				CLANG_ENABLE_MODULES = YES;
				CLANG_ENABLE_OBJC_ARC = YES;
				CLANG_ENABLE_OBJC_WEAK = YES;
				CLANG_WARN_BLOCK_CAPTURE_AUTORELEASING = YES;
				CLANG_WARN_BOOL_CONVERSION = YES;
				CLANG_WARN_COMMA = YES;
				CLANG_WARN_CONSTANT_CONVERSION = YES;
				CLANG_WARN_DEPRECATED_OBJC_IMPLEMENTATIONS = YES;
				CLANG_WARN_DIRECT_OBJC_ISA_USAGE = YES_ERROR;
				CLANG_WARN_DOCUMENTATION_COMMENTS = YES;
				CLANG_WARN_EMPTY_BODY = YES;
				CLANG_WARN_ENUM_CONVERSION = YES;
				CLANG_WARN_INFINITE_RECURSION = YES;
				CLANG_WARN_INT_CONVERSION = YES;
				CLANG_WARN_NON_LITERAL_NULL_CONVERSION = YES;
				CLANG_WARN_OBJC_IMPLICIT_RETAIN_SELF = YES;
				CLANG_WARN_OBJC_LITERAL_CONVERSION = YES;
				CLANG_WARN_OBJC_ROOT_CLASS = YES_ERROR;
				CLANG_WARN_QUOTED_INCLUDE_IN_FRAMEWORK_HEADER = YES;
				CLANG_WARN_RANGE_LOOP_ANALYSIS = YES;
				CLANG_WARN_STRICT_PROTOTYPES = YES;
				CLANG_WARN_SUSPICIOUS_MOVE = YES;
				CLANG_WARN_UNGUARDED_AVAILABILITY = YES_AGGRESSIVE;
				CLANG_WARN_UNREACHABLE_CODE = YES;
				CLANG_WARN__DUPLICATE_METHOD_MATCH = YES;
				COPY_PHASE_STRIP = NO;
				DEBUG_INFORMATION_FORMAT = "dwarf-with-dsym";
				ENABLE_NS_ASSERTIONS = NO;
				ENABLE_STRICT_OBJC_MSGSEND = YES;
				GCC_C_LANGUAGE_STANDARD = gnu11;
				GCC_NO_COMMON_BLOCKS = YES;
				GCC_WARN_64_TO_32_BIT_CONVERSION = YES;
				GCC_WARN_ABOUT_RETURN_TYPE = YES_ERROR;
				GCC_WARN_UNDECLARED_SELECTOR = YES;
				GCC_WARN_UNINITIALIZED_AUTOS = YES_AGGRESSIVE;
				GCC_WARN_UNUSED_FUNCTION = YES;
				GCC_WARN_UNUSED_VARIABLE = YES;
				IPHONEOS_DEPLOYMENT_TARGET = 16.0;
				MTL_ENABLE_DEBUG_INFO = NO;
				MTL_FAST_MATH = YES;
				SDKROOT = iphoneos;
				SWIFT_COMPILATION_MODE = wholemodule;
				SWIFT_OPTIMIZATION_LEVEL = "-O";
				VALIDATE_PRODUCT = YES;
			};
			name = Release;
		};
		4D20106E28F5674C00D6102D /* Debug */ = {
			isa = XCBuildConfiguration;
			buildSettings = {
				ASSETCATALOG_COMPILER_APPICON_NAME = AppIcon;
				ASSETCATALOG_COMPILER_GLOBAL_ACCENT_COLOR_NAME = AccentColor;
				CODE_SIGN_STYLE = Automatic;
				CURRENT_PROJECT_VERSION = 1;
				DEVELOPMENT_TEAM = L2NP7U5487;
				GENERATE_INFOPLIST_FILE = YES;
				INFOPLIST_FILE = CleanArchitecture_MVVM/Info.plist;
				INFOPLIST_KEY_UIApplicationSupportsIndirectInputEvents = YES;
				INFOPLIST_KEY_UILaunchStoryboardName = LaunchScreen;
				INFOPLIST_KEY_UIMainStoryboardFile = Main;
				INFOPLIST_KEY_UISupportedInterfaceOrientations_iPad = "UIInterfaceOrientationPortrait UIInterfaceOrientationPortraitUpsideDown UIInterfaceOrientationLandscapeLeft UIInterfaceOrientationLandscapeRight";
				INFOPLIST_KEY_UISupportedInterfaceOrientations_iPhone = "UIInterfaceOrientationPortrait UIInterfaceOrientationLandscapeLeft UIInterfaceOrientationLandscapeRight";
				LD_RUNPATH_SEARCH_PATHS = (
					"$(inherited)",
					"@executable_path/Frameworks",
				);
				MARKETING_VERSION = 1.0;
				PRODUCT_BUNDLE_IDENTIFIER = "com.suyeon.CleanArchitecture-MVVM";
				PRODUCT_NAME = "$(TARGET_NAME)";
				SWIFT_EMIT_LOC_STRINGS = YES;
				SWIFT_VERSION = 5.0;
				TARGETED_DEVICE_FAMILY = "1,2";
			};
			name = Debug;
		};
		4D20106F28F5674C00D6102D /* Release */ = {
			isa = XCBuildConfiguration;
			buildSettings = {
				ASSETCATALOG_COMPILER_APPICON_NAME = AppIcon;
				ASSETCATALOG_COMPILER_GLOBAL_ACCENT_COLOR_NAME = AccentColor;
				CODE_SIGN_STYLE = Automatic;
				CURRENT_PROJECT_VERSION = 1;
				DEVELOPMENT_TEAM = L2NP7U5487;
				GENERATE_INFOPLIST_FILE = YES;
				INFOPLIST_FILE = CleanArchitecture_MVVM/Info.plist;
				INFOPLIST_KEY_UIApplicationSupportsIndirectInputEvents = YES;
				INFOPLIST_KEY_UILaunchStoryboardName = LaunchScreen;
				INFOPLIST_KEY_UIMainStoryboardFile = Main;
				INFOPLIST_KEY_UISupportedInterfaceOrientations_iPad = "UIInterfaceOrientationPortrait UIInterfaceOrientationPortraitUpsideDown UIInterfaceOrientationLandscapeLeft UIInterfaceOrientationLandscapeRight";
				INFOPLIST_KEY_UISupportedInterfaceOrientations_iPhone = "UIInterfaceOrientationPortrait UIInterfaceOrientationLandscapeLeft UIInterfaceOrientationLandscapeRight";
				LD_RUNPATH_SEARCH_PATHS = (
					"$(inherited)",
					"@executable_path/Frameworks",
				);
				MARKETING_VERSION = 1.0;
				PRODUCT_BUNDLE_IDENTIFIER = "com.suyeon.CleanArchitecture-MVVM";
				PRODUCT_NAME = "$(TARGET_NAME)";
				SWIFT_EMIT_LOC_STRINGS = YES;
				SWIFT_VERSION = 5.0;
				TARGETED_DEVICE_FAMILY = "1,2";
			};
			name = Release;
		};
		4D20107128F5674C00D6102D /* Debug */ = {
			isa = XCBuildConfiguration;
			buildSettings = {
				ALWAYS_EMBED_SWIFT_STANDARD_LIBRARIES = YES;
				BUNDLE_LOADER = "$(TEST_HOST)";
				CODE_SIGN_STYLE = Automatic;
				CURRENT_PROJECT_VERSION = 1;
				DEVELOPMENT_TEAM = L2NP7U5487;
				GENERATE_INFOPLIST_FILE = YES;
				IPHONEOS_DEPLOYMENT_TARGET = 16.0;
				MARKETING_VERSION = 1.0;
				PRODUCT_BUNDLE_IDENTIFIER = "com.suyeon.CleanArchitecture-MVVMTests";
				PRODUCT_NAME = "$(TARGET_NAME)";
				SWIFT_EMIT_LOC_STRINGS = NO;
				SWIFT_VERSION = 5.0;
				TARGETED_DEVICE_FAMILY = "1,2";
				TEST_HOST = "$(BUILT_PRODUCTS_DIR)/CleanArchitecture_MVVM.app/$(BUNDLE_EXECUTABLE_FOLDER_PATH)/CleanArchitecture_MVVM";
			};
			name = Debug;
		};
		4D20107228F5674C00D6102D /* Release */ = {
			isa = XCBuildConfiguration;
			buildSettings = {
				ALWAYS_EMBED_SWIFT_STANDARD_LIBRARIES = YES;
				BUNDLE_LOADER = "$(TEST_HOST)";
				CODE_SIGN_STYLE = Automatic;
				CURRENT_PROJECT_VERSION = 1;
				DEVELOPMENT_TEAM = L2NP7U5487;
				GENERATE_INFOPLIST_FILE = YES;
				IPHONEOS_DEPLOYMENT_TARGET = 16.0;
				MARKETING_VERSION = 1.0;
				PRODUCT_BUNDLE_IDENTIFIER = "com.suyeon.CleanArchitecture-MVVMTests";
				PRODUCT_NAME = "$(TARGET_NAME)";
				SWIFT_EMIT_LOC_STRINGS = NO;
				SWIFT_VERSION = 5.0;
				TARGETED_DEVICE_FAMILY = "1,2";
				TEST_HOST = "$(BUILT_PRODUCTS_DIR)/CleanArchitecture_MVVM.app/$(BUNDLE_EXECUTABLE_FOLDER_PATH)/CleanArchitecture_MVVM";
			};
			name = Release;
		};
		4D20107428F5674C00D6102D /* Debug */ = {
			isa = XCBuildConfiguration;
			buildSettings = {
				ALWAYS_EMBED_SWIFT_STANDARD_LIBRARIES = YES;
				CODE_SIGN_STYLE = Automatic;
				CURRENT_PROJECT_VERSION = 1;
				DEVELOPMENT_TEAM = L2NP7U5487;
				GENERATE_INFOPLIST_FILE = YES;
				MARKETING_VERSION = 1.0;
				PRODUCT_BUNDLE_IDENTIFIER = "com.suyeon.CleanArchitecture-MVVMUITests";
				PRODUCT_NAME = "$(TARGET_NAME)";
				SWIFT_EMIT_LOC_STRINGS = NO;
				SWIFT_VERSION = 5.0;
				TARGETED_DEVICE_FAMILY = "1,2";
				TEST_TARGET_NAME = CleanArchitecture_MVVM;
			};
			name = Debug;
		};
		4D20107528F5674C00D6102D /* Release */ = {
			isa = XCBuildConfiguration;
			buildSettings = {
				ALWAYS_EMBED_SWIFT_STANDARD_LIBRARIES = YES;
				CODE_SIGN_STYLE = Automatic;
				CURRENT_PROJECT_VERSION = 1;
				DEVELOPMENT_TEAM = L2NP7U5487;
				GENERATE_INFOPLIST_FILE = YES;
				MARKETING_VERSION = 1.0;
				PRODUCT_BUNDLE_IDENTIFIER = "com.suyeon.CleanArchitecture-MVVMUITests";
				PRODUCT_NAME = "$(TARGET_NAME)";
				SWIFT_EMIT_LOC_STRINGS = NO;
				SWIFT_VERSION = 5.0;
				TARGETED_DEVICE_FAMILY = "1,2";
				TEST_TARGET_NAME = CleanArchitecture_MVVM;
			};
			name = Release;
		};
/* End XCBuildConfiguration section */

/* Begin XCConfigurationList section */
		4D20103E28F5674A00D6102D /* Build configuration list for PBXProject "CleanArchitecture_MVVM" */ = {
			isa = XCConfigurationList;
			buildConfigurations = (
				4D20106B28F5674C00D6102D /* Debug */,
				4D20106C28F5674C00D6102D /* Release */,
			);
			defaultConfigurationIsVisible = 0;
			defaultConfigurationName = Release;
		};
		4D20106D28F5674C00D6102D /* Build configuration list for PBXNativeTarget "CleanArchitecture_MVVM" */ = {
			isa = XCConfigurationList;
			buildConfigurations = (
				4D20106E28F5674C00D6102D /* Debug */,
				4D20106F28F5674C00D6102D /* Release */,
			);
			defaultConfigurationIsVisible = 0;
			defaultConfigurationName = Release;
		};
		4D20107028F5674C00D6102D /* Build configuration list for PBXNativeTarget "CleanArchitecture_MVVMTests" */ = {
			isa = XCConfigurationList;
			buildConfigurations = (
				4D20107128F5674C00D6102D /* Debug */,
				4D20107228F5674C00D6102D /* Release */,
			);
			defaultConfigurationIsVisible = 0;
			defaultConfigurationName = Release;
		};
		4D20107328F5674C00D6102D /* Build configuration list for PBXNativeTarget "CleanArchitecture_MVVMUITests" */ = {
			isa = XCConfigurationList;
			buildConfigurations = (
				4D20107428F5674C00D6102D /* Debug */,
				4D20107528F5674C00D6102D /* Release */,
			);
			defaultConfigurationIsVisible = 0;
			defaultConfigurationName = Release;
		};
/* End XCConfigurationList section */
	};
	rootObject = 4D20103B28F5674A00D6102D /* Project object */;
}
